
Microsoft Visual Studio Solution File, Format Version 11.00
# Visual Studio 2010
Project("{FAE04EC0-301F-11D3-BF4B-00C04F79EFBC}") = "MarketAnalyzer", "MarketAnalyzer\MarketAnalyzer.csproj", "{E95E3937-DA50-486F-803C-465C1B7B3A97}"
EndProject
Project("{FAE04EC0-301F-11D3-BF4B-00C04F79EFBC}") = "MarketAnalyzerInterface", "MarketAnalyzerInterface\MarketAnalyzerInterface.csproj", "{4CD692C0-68C7-445E-B87F-AA4FD386DD95}"
EndProject
Global
	GlobalSection(SolutionConfigurationPlatforms) = preSolution
		Debug|Any CPU = Debug|Any CPU
		Release|Any CPU = Release|Any CPU
	EndGlobalSection
	GlobalSection(ProjectConfigurationPlatforms) = postSolution
		{4CD692C0-68C7-445E-B87F-AA4FD386DD95}.Debug|Any CPU.ActiveCfg = Debug|Any CPU
		{4CD692C0-68C7-445E-B87F-AA4FD386DD95}.Debug|Any CPU.Build.0 = Debug|Any CPU
		{4CD692C0-68C7-445E-B87F-AA4FD386DD95}.Release|Any CPU.ActiveCfg = Release|Any CPU
		{4CD692C0-68C7-445E-B87F-AA4FD386DD95}.Release|Any CPU.Build.0 = Release|Any CPU
		{E95E3937-DA50-486F-803C-465C1B7B3A97}.Debug|Any CPU.ActiveCfg = Debug|Any CPU
		{E95E3937-DA50-486F-803C-465C1B7B3A97}.Debug|Any CPU.Build.0 = Debug|Any CPU
		{E95E3937-DA50-486F-803C-465C1B7B3A97}.Release|Any CPU.ActiveCfg = Release|Any CPU
		{E95E3937-DA50-486F-803C-465C1B7B3A97}.Release|Any CPU.Build.0 = Release|Any CPU
	EndGlobalSection
	GlobalSection(MonoDevelopProperties) = preSolution
		StartupItem = MarketAnalyzer\MarketAnalyzer.csproj
	EndGlobalSection
EndGlobal
